
Microsoft Visual Studio Solution File, Format Version 12.00
# Visual Studio Version 17
VisualStudioVersion = 17.11.35219.272
MinimumVisualStudioVersion = 10.0.40219.1
Project("{FAE04EC0-301F-11D3-BF4B-00C04F79EFBC}") = "access control proxy", "access control proxy\access control proxy.csproj", "{A1399B29-4D3C-47B4-AE5C-096FF7496972}"
EndProject
Global
	GlobalSection(SolutionConfigurationPlatforms) = preSolution
		Debug|Any CPU = Debug|Any CPU
		Release|Any CPU = Release|Any CPU
	EndGlobalSection
	GlobalSection(ProjectConfigurationPlatforms) = postSolution
		{A1399B29-4D3C-47B4-AE5C-096FF7496972}.Debug|Any CPU.ActiveCfg = Debug|Any CPU
		{A1399B29-4D3C-47B4-AE5C-096FF7496972}.Debug|Any CPU.Build.0 = Debug|Any CPU
		{A1399B29-4D3C-47B4-AE5C-096FF7496972}.Release|Any CPU.ActiveCfg = Release|Any CPU
		{A1399B29-4D3C-47B4-AE5C-096FF7496972}.Release|Any CPU.Build.0 = Release|Any CPU
	EndGlobalSection
	GlobalSection(SolutionProperties) = preSolution
		HideSolutionNode = FALSE
	EndGlobalSection
	GlobalSection(ExtensibilityGlobals) = postSolution
		SolutionGuid = {0E3960D6-55BD-4934-B3A7-DAD957439D3D}
	EndGlobalSection
EndGlobal
