
Microsoft Visual Studio Solution File, Format Version 12.00
# Visual Studio Version 17
VisualStudioVersion = 17.11.35219.272
MinimumVisualStudioVersion = 10.0.40219.1
Project("{FAE04EC0-301F-11D3-BF4B-00C04F79EFBC}") = "api sayı üretici", "api sayı üretici\api sayı üretici.csproj", "{9FE6A6F7-84A7-4DE1-BBD0-448907A99AFE}"
EndProject
Global
	GlobalSection(SolutionConfigurationPlatforms) = preSolution
		Debug|Any CPU = Debug|Any CPU
		Release|Any CPU = Release|Any CPU
	EndGlobalSection
	GlobalSection(ProjectConfigurationPlatforms) = postSolution
		{9FE6A6F7-84A7-4DE1-BBD0-448907A99AFE}.Debug|Any CPU.ActiveCfg = Debug|Any CPU
		{9FE6A6F7-84A7-4DE1-BBD0-448907A99AFE}.Debug|Any CPU.Build.0 = Debug|Any CPU
		{9FE6A6F7-84A7-4DE1-BBD0-448907A99AFE}.Release|Any CPU.ActiveCfg = Release|Any CPU
		{9FE6A6F7-84A7-4DE1-BBD0-448907A99AFE}.Release|Any CPU.Build.0 = Release|Any CPU
	EndGlobalSection
	GlobalSection(SolutionProperties) = preSolution
		HideSolutionNode = FALSE
	EndGlobalSection
	GlobalSection(ExtensibilityGlobals) = postSolution
		SolutionGuid = {F1FF96E2-EBFF-4466-99E9-75F53C7B6447}
	EndGlobalSection
EndGlobal
