
Microsoft Visual Studio Solution File, Format Version 12.00
# Visual Studio Version 17
VisualStudioVersion = 17.9.34622.214
MinimumVisualStudioVersion = 10.0.40219.1
Project("{FAE04EC0-301F-11D3-BF4B-00C04F79EFBC}") = "auto clicker", "auto clicker\auto clicker.csproj", "{75884DE4-B453-4FE3-B601-9472CEF1BE8C}"
EndProject
Global
	GlobalSection(SolutionConfigurationPlatforms) = preSolution
		Debug|Any CPU = Debug|Any CPU
		Release|Any CPU = Release|Any CPU
	EndGlobalSection
	GlobalSection(ProjectConfigurationPlatforms) = postSolution
		{75884DE4-B453-4FE3-B601-9472CEF1BE8C}.Debug|Any CPU.ActiveCfg = Debug|Any CPU
		{75884DE4-B453-4FE3-B601-9472CEF1BE8C}.Debug|Any CPU.Build.0 = Debug|Any CPU
		{75884DE4-B453-4FE3-B601-9472CEF1BE8C}.Release|Any CPU.ActiveCfg = Release|Any CPU
		{75884DE4-B453-4FE3-B601-9472CEF1BE8C}.Release|Any CPU.Build.0 = Release|Any CPU
	EndGlobalSection
	GlobalSection(SolutionProperties) = preSolution
		HideSolutionNode = FALSE
	EndGlobalSection
	GlobalSection(ExtensibilityGlobals) = postSolution
		SolutionGuid = {105CFC43-662D-4B6A-990B-8EDFDFD55C7C}
	EndGlobalSection
EndGlobal
